
Microsoft Visual Studio Solution File, Format Version 12.00
# Visual Studio Version 17
VisualStudioVersion = 17.8.34511.84
MinimumVisualStudioVersion = 10.0.40219.1
Project("{FAE04EC0-301F-11D3-BF4B-00C04F79EFBC}") = "WerkzeugMobil", "WerkzeugMobil.csproj", "{CAACD364-44A5-49E8-9C73-6A93FFED6549}"
EndProject
Global
	GlobalSection(SolutionConfigurationPlatforms) = preSolution
		Debug|Any CPU = Debug|Any CPU
		Release|Any CPU = Release|Any CPU
	EndGlobalSection
	GlobalSection(ProjectConfigurationPlatforms) = postSolution
		{CAACD364-44A5-49E8-9C73-6A93FFED6549}.Debug|Any CPU.ActiveCfg = Debug|Any CPU
		{CAACD364-44A5-49E8-9C73-6A93FFED6549}.Debug|Any CPU.Build.0 = Debug|Any CPU
		{CAACD364-44A5-49E8-9C73-6A93FFED6549}.Release|Any CPU.ActiveCfg = Release|Any CPU
		{CAACD364-44A5-49E8-9C73-6A93FFED6549}.Release|Any CPU.Build.0 = Release|Any CPU
	EndGlobalSection
	GlobalSection(SolutionProperties) = preSolution
		HideSolutionNode = FALSE
	EndGlobalSection
	GlobalSection(ExtensibilityGlobals) = postSolution
		SolutionGuid = {14F42209-9D51-48C4-9A27-8A4E09BBE359}
	EndGlobalSection
EndGlobal
